
Microsoft Visual Studio Solution File, Format Version 12.00
# Visual Studio 15
VisualStudioVersion = 15.0.26403.7
MinimumVisualStudioVersion = 10.0.40219.1
Project("{FAE04EC0-301F-11D3-BF4B-00C04F79EFBC}") = "Empiria.Steps.Core", "Steps.Core\Empiria.Steps.Core.csproj", "{4E6DBBDE-E712-4244-94F4-2EBBC038F442}"
EndProject
Project("{FAE04EC0-301F-11D3-BF4B-00C04F79EFBC}") = "Empiria.Steps.Inbox", "Steps.Inbox\Empiria.Steps.Inbox.csproj", "{C315F4F0-B731-421F-A543-E46FB6FEBDEE}"
EndProject
Project("{FAE04EC0-301F-11D3-BF4B-00C04F79EFBC}") = "Empiria.Steps.WorkflowDefinition", "Steps.WorkflowDefinition\Empiria.Steps.WorkflowDefinition.csproj", "{93585511-0DAB-4279-B8DD-D0C701687B6D}"
EndProject
Project("{FAE04EC0-301F-11D3-BF4B-00C04F79EFBC}") = "Empiria.Steps.WorkflowEngine", "Steps.WorkflowEngine\Empiria.Steps.WorkflowEngine.csproj", "{546359D6-56A3-4F71-9DDA-1496A67FD8DE}"
EndProject
Project("{FAE04EC0-301F-11D3-BF4B-00C04F79EFBC}") = "Empiria.Steps.ProjectManagement", "Steps.ProjectManagement\Empiria.Steps.ProjectManagement.csproj", "{F12F4BDD-1D73-43F0-B272-4EC033C43A25}"
EndProject
Global
	GlobalSection(SolutionConfigurationPlatforms) = preSolution
		Debug|Any CPU = Debug|Any CPU
		Release|Any CPU = Release|Any CPU
	EndGlobalSection
	GlobalSection(ProjectConfigurationPlatforms) = postSolution
		{4E6DBBDE-E712-4244-94F4-2EBBC038F442}.Debug|Any CPU.ActiveCfg = Debug|Any CPU
		{4E6DBBDE-E712-4244-94F4-2EBBC038F442}.Debug|Any CPU.Build.0 = Debug|Any CPU
		{4E6DBBDE-E712-4244-94F4-2EBBC038F442}.Release|Any CPU.ActiveCfg = Release|Any CPU
		{4E6DBBDE-E712-4244-94F4-2EBBC038F442}.Release|Any CPU.Build.0 = Release|Any CPU
		{C315F4F0-B731-421F-A543-E46FB6FEBDEE}.Debug|Any CPU.ActiveCfg = Debug|Any CPU
		{C315F4F0-B731-421F-A543-E46FB6FEBDEE}.Debug|Any CPU.Build.0 = Debug|Any CPU
		{C315F4F0-B731-421F-A543-E46FB6FEBDEE}.Release|Any CPU.ActiveCfg = Release|Any CPU
		{C315F4F0-B731-421F-A543-E46FB6FEBDEE}.Release|Any CPU.Build.0 = Release|Any CPU
		{93585511-0DAB-4279-B8DD-D0C701687B6D}.Debug|Any CPU.ActiveCfg = Debug|Any CPU
		{93585511-0DAB-4279-B8DD-D0C701687B6D}.Debug|Any CPU.Build.0 = Debug|Any CPU
		{93585511-0DAB-4279-B8DD-D0C701687B6D}.Release|Any CPU.ActiveCfg = Release|Any CPU
		{93585511-0DAB-4279-B8DD-D0C701687B6D}.Release|Any CPU.Build.0 = Release|Any CPU
		{546359D6-56A3-4F71-9DDA-1496A67FD8DE}.Debug|Any CPU.ActiveCfg = Debug|Any CPU
		{546359D6-56A3-4F71-9DDA-1496A67FD8DE}.Debug|Any CPU.Build.0 = Debug|Any CPU
		{546359D6-56A3-4F71-9DDA-1496A67FD8DE}.Release|Any CPU.ActiveCfg = Release|Any CPU
		{546359D6-56A3-4F71-9DDA-1496A67FD8DE}.Release|Any CPU.Build.0 = Release|Any CPU
		{F12F4BDD-1D73-43F0-B272-4EC033C43A25}.Debug|Any CPU.ActiveCfg = Debug|Any CPU
		{F12F4BDD-1D73-43F0-B272-4EC033C43A25}.Debug|Any CPU.Build.0 = Debug|Any CPU
		{F12F4BDD-1D73-43F0-B272-4EC033C43A25}.Release|Any CPU.ActiveCfg = Release|Any CPU
		{F12F4BDD-1D73-43F0-B272-4EC033C43A25}.Release|Any CPU.Build.0 = Release|Any CPU
	EndGlobalSection
	GlobalSection(SolutionProperties) = preSolution
		HideSolutionNode = FALSE
	EndGlobalSection
EndGlobal
